// !$*UTF8*$!
{
	archiveVersion = 1;
	classes = {
	};
	objectVersion = 50;
	objects = {

/* Begin PBXBuildFile section */
		DDC89A50233B554700CCE35B /* SuccessStatusAlert.framework in Frameworks */ = {isa = PBXBuildFile; fileRef = DDEA334B233B3501007DCC3C /* SuccessStatusAlert.framework */; };
		DDC89A51233B554700CCE35B /* SuccessStatusAlert.framework in Embed Frameworks */ = {isa = PBXBuildFile; fileRef = DDEA334B233B3501007DCC3C /* SuccessStatusAlert.framework */; settings = {ATTRIBUTES = (CodeSignOnCopy, RemoveHeadersOnCopy, ); }; };
		DDEA3350233B3501007DCC3C /* SuccessStatusAlert.h in Headers */ = {isa = PBXBuildFile; fileRef = DDEA334E233B3501007DCC3C /* SuccessStatusAlert.h */; settings = {ATTRIBUTES = (Public, ); }; };
		DDEA3375233B363B007DCC3C /* AppDelegate.swift in Sources */ = {isa = PBXBuildFile; fileRef = DDEA3374233B363B007DCC3C /* AppDelegate.swift */; };
		DDEA3379233B363B007DCC3C /* ViewController.swift in Sources */ = {isa = PBXBuildFile; fileRef = DDEA3378233B363B007DCC3C /* ViewController.swift */; };
		DDEA337C233B363B007DCC3C /* Main.storyboard in Resources */ = {isa = PBXBuildFile; fileRef = DDEA337A233B363B007DCC3C /* Main.storyboard */; };
		DDEA337E233B363C007DCC3C /* Assets.xcassets in Resources */ = {isa = PBXBuildFile; fileRef = DDEA337D233B363C007DCC3C /* Assets.xcassets */; };
		DDEA3381233B363C007DCC3C /* LaunchScreen.storyboard in Resources */ = {isa = PBXBuildFile; fileRef = DDEA337F233B363C007DCC3C /* LaunchScreen.storyboard */; };
		DDEA338D233B3AAC007DCC3C /* SuccessStatusAlert.xib in Resources */ = {isa = PBXBuildFile; fileRef = DDEA338A233B3AAC007DCC3C /* SuccessStatusAlert.xib */; };
		DDEA343D233B3D4E007DCC3C /* RoundedCheckmarkView.swift in Sources */ = {isa = PBXBuildFile; fileRef = DDEA343C233B3D4E007DCC3C /* RoundedCheckmarkView.swift */; };
		DDEA343F233B3D6F007DCC3C /* SuccessStatusAlert.swift in Sources */ = {isa = PBXBuildFile; fileRef = DDEA343E233B3D6F007DCC3C /* SuccessStatusAlert.swift */; };
/* End PBXBuildFile section */

/* Begin PBXContainerItemProxy section */
		DDC89A52233B554700CCE35B /* PBXContainerItemProxy */ = {
			isa = PBXContainerItemProxy;
			containerPortal = DDEA3342233B3501007DCC3C /* Project object */;
			proxyType = 1;
			remoteGlobalIDString = DDEA334A233B3501007DCC3C;
			remoteInfo = SuccessStatusAlert;
		};
/* End PBXContainerItemProxy section */

/* Begin PBXCopyFilesBuildPhase section */
		DDC89A54233B554700CCE35B /* Embed Frameworks */ = {
			isa = PBXCopyFilesBuildPhase;
			buildActionMask = 2147483647;
			dstPath = "";
			dstSubfolderSpec = 10;
			files = (
				DDC89A51233B554700CCE35B /* SuccessStatusAlert.framework in Embed Frameworks */,
			);
			name = "Embed Frameworks";
			runOnlyForDeploymentPostprocessing = 0;
		};
/* End PBXCopyFilesBuildPhase section */

/* Begin PBXFileReference section */
		DDEA334B233B3501007DCC3C /* SuccessStatusAlert.framework */ = {isa = PBXFileReference; explicitFileType = wrapper.framework; includeInIndex = 0; path = SuccessStatusAlert.framework; sourceTree = BUILT_PRODUCTS_DIR; };
		DDEA334E233B3501007DCC3C /* SuccessStatusAlert.h */ = {isa = PBXFileReference; lastKnownFileType = sourcecode.c.h; path = SuccessStatusAlert.h; sourceTree = "<group>"; };
		DDEA3372233B363B007DCC3C /* Examples.app */ = {isa = PBXFileReference; explicitFileType = wrapper.application; includeInIndex = 0; path = Examples.app; sourceTree = BUILT_PRODUCTS_DIR; };
		DDEA3374233B363B007DCC3C /* AppDelegate.swift */ = {isa = PBXFileReference; lastKnownFileType = sourcecode.swift; path = AppDelegate.swift; sourceTree = "<group>"; };
		DDEA3378233B363B007DCC3C /* ViewController.swift */ = {isa = PBXFileReference; lastKnownFileType = sourcecode.swift; path = ViewController.swift; sourceTree = "<group>"; };
		DDEA337B233B363B007DCC3C /* Base */ = {isa = PBXFileReference; lastKnownFileType = file.storyboard; name = Base; path = Base.lproj/Main.storyboard; sourceTree = "<group>"; };
		DDEA337D233B363C007DCC3C /* Assets.xcassets */ = {isa = PBXFileReference; lastKnownFileType = folder.assetcatalog; path = Assets.xcassets; sourceTree = "<group>"; };
		DDEA3380233B363C007DCC3C /* Base */ = {isa = PBXFileReference; lastKnownFileType = file.storyboard; name = Base; path = Base.lproj/LaunchScreen.storyboard; sourceTree = "<group>"; };
		DDEA3382233B363C007DCC3C /* Info.plist */ = {isa = PBXFileReference; lastKnownFileType = text.plist.xml; path = Info.plist; sourceTree = "<group>"; };
		DDEA338A233B3AAC007DCC3C /* SuccessStatusAlert.xib */ = {isa = PBXFileReference; fileEncoding = 4; lastKnownFileType = file.xib; path = SuccessStatusAlert.xib; sourceTree = "<group>"; };
		DDEA343C233B3D4E007DCC3C /* RoundedCheckmarkView.swift */ = {isa = PBXFileReference; lastKnownFileType = sourcecode.swift; path = RoundedCheckmarkView.swift; sourceTree = "<group>"; };
		DDEA343E233B3D6F007DCC3C /* SuccessStatusAlert.swift */ = {isa = PBXFileReference; lastKnownFileType = sourcecode.swift; path = SuccessStatusAlert.swift; sourceTree = "<group>"; };
/* End PBXFileReference section */

/* Begin PBXFrameworksBuildPhase section */
		DDEA3348233B3501007DCC3C /* Frameworks */ = {
			isa = PBXFrameworksBuildPhase;
			buildActionMask = 2147483647;
			files = (
			);
			runOnlyForDeploymentPostprocessing = 0;
		};
		DDEA336F233B363B007DCC3C /* Frameworks */ = {
			isa = PBXFrameworksBuildPhase;
			buildActionMask = 2147483647;
			files = (
				DDC89A50233B554700CCE35B /* SuccessStatusAlert.framework in Frameworks */,
			);
			runOnlyForDeploymentPostprocessing = 0;
		};
/* End PBXFrameworksBuildPhase section */

/* Begin PBXGroup section */
		DDC89A4F233B554700CCE35B /* Frameworks */ = {
			isa = PBXGroup;
			children = (
			);
			name = Frameworks;
			sourceTree = "<group>";
		};
		DDEA3341233B3501007DCC3C = {
			isa = PBXGroup;
			children = (
				DDEA334D233B3501007DCC3C /* SuccessStatusAlert */,
				DDEA3373233B363B007DCC3C /* Examples */,
				DDEA334C233B3501007DCC3C /* Products */,
				DDC89A4F233B554700CCE35B /* Frameworks */,
			);
			sourceTree = "<group>";
		};
		DDEA334C233B3501007DCC3C /* Products */ = {
			isa = PBXGroup;
			children = (
				DDEA334B233B3501007DCC3C /* SuccessStatusAlert.framework */,
				DDEA3372233B363B007DCC3C /* Examples.app */,
			);
			name = Products;
			sourceTree = "<group>";
		};
		DDEA334D233B3501007DCC3C /* SuccessStatusAlert */ = {
			isa = PBXGroup;
			children = (
				DDEA343C233B3D4E007DCC3C /* RoundedCheckmarkView.swift */,
				DDEA343E233B3D6F007DCC3C /* SuccessStatusAlert.swift */,
				DDEA338A233B3AAC007DCC3C /* SuccessStatusAlert.xib */,
				DDEA334E233B3501007DCC3C /* SuccessStatusAlert.h */,
			);
			path = SuccessStatusAlert;
			sourceTree = "<group>";
		};
		DDEA3373233B363B007DCC3C /* Examples */ = {
			isa = PBXGroup;
			children = (
				DDEA3374233B363B007DCC3C /* AppDelegate.swift */,
				DDEA3378233B363B007DCC3C /* ViewController.swift */,
				DDEA337A233B363B007DCC3C /* Main.storyboard */,
				DDEA337D233B363C007DCC3C /* Assets.xcassets */,
				DDEA337F233B363C007DCC3C /* LaunchScreen.storyboard */,
				DDEA3382233B363C007DCC3C /* Info.plist */,
			);
			path = Examples;
			sourceTree = "<group>";
		};
/* End PBXGroup section */

/* Begin PBXHeadersBuildPhase section */
		DDEA3346233B3501007DCC3C /* Headers */ = {
			isa = PBXHeadersBuildPhase;
			buildActionMask = 2147483647;
			files = (
				DDEA3350233B3501007DCC3C /* SuccessStatusAlert.h in Headers */,
			);
			runOnlyForDeploymentPostprocessing = 0;
		};
/* End PBXHeadersBuildPhase section */

/* Begin PBXNativeTarget section */
		DDEA334A233B3501007DCC3C /* SuccessStatusAlert */ = {
			isa = PBXNativeTarget;
			buildConfigurationList = DDEA3353233B3501007DCC3C /* Build configuration list for PBXNativeTarget "SuccessStatusAlert" */;
			buildPhases = (
				DDEA3346233B3501007DCC3C /* Headers */,
				DDEA3347233B3501007DCC3C /* Sources */,
				DDEA3348233B3501007DCC3C /* Frameworks */,
				DDEA3349233B3501007DCC3C /* Resources */,
			);
			buildRules = (
			);
			dependencies = (
			);
			name = SuccessStatusAlert;
			productName = SuccessStatusAlert;
			productReference = DDEA334B233B3501007DCC3C /* SuccessStatusAlert.framework */;
			productType = "com.apple.product-type.framework";
		};
		DDEA3371233B363B007DCC3C /* Examples */ = {
			isa = PBXNativeTarget;
			buildConfigurationList = DDEA3383233B363C007DCC3C /* Build configuration list for PBXNativeTarget "Examples" */;
			buildPhases = (
				DDEA336E233B363B007DCC3C /* Sources */,
				DDEA336F233B363B007DCC3C /* Frameworks */,
				DDEA3370233B363B007DCC3C /* Resources */,
				DDC89A54233B554700CCE35B /* Embed Frameworks */,
			);
			buildRules = (
			);
			dependencies = (
				DDC89A53233B554700CCE35B /* PBXTargetDependency */,
			);
			name = Examples;
			productName = Examples;
			productReference = DDEA3372233B363B007DCC3C /* Examples.app */;
			productType = "com.apple.product-type.application";
		};
/* End PBXNativeTarget section */

/* Begin PBXProject section */
		DDEA3342233B3501007DCC3C /* Project object */ = {
			isa = PBXProject;
			attributes = {
				LastSwiftUpdateCheck = 1100;
				LastUpgradeCheck = 1100;
				TargetAttributes = {
					DDEA334A233B3501007DCC3C = {
						CreatedOnToolsVersion = 11.0;
						LastSwiftMigration = 1100;
					};
					DDEA3371233B363B007DCC3C = {
						CreatedOnToolsVersion = 11.0;
					};
				};
			};
			buildConfigurationList = DDEA3345233B3501007DCC3C /* Build configuration list for PBXProject "SuccessStatusAlert" */;
			compatibilityVersion = "Xcode 9.3";
			developmentRegion = en;
			hasScannedForEncodings = 0;
			knownRegions = (
				en,
				Base,
			);
			mainGroup = DDEA3341233B3501007DCC3C;
			productRefGroup = DDEA334C233B3501007DCC3C /* Products */;
			projectDirPath = "";
			projectRoot = "";
			targets = (
				DDEA334A233B3501007DCC3C /* SuccessStatusAlert */,
				DDEA3371233B363B007DCC3C /* Examples */,
			);
		};
/* End PBXProject section */

/* Begin PBXResourcesBuildPhase section */
		DDEA3349233B3501007DCC3C /* Resources */ = {
			isa = PBXResourcesBuildPhase;
			buildActionMask = 2147483647;
			files = (
				DDEA338D233B3AAC007DCC3C /* SuccessStatusAlert.xib in Resources */,
			);
			runOnlyForDeploymentPostprocessing = 0;
		};
		DDEA3370233B363B007DCC3C /* Resources */ = {
			isa = PBXResourcesBuildPhase;
			buildActionMask = 2147483647;
			files = (
				DDEA3381233B363C007DCC3C /* LaunchScreen.storyboard in Resources */,
				DDEA337E233B363C007DCC3C /* Assets.xcassets in Resources */,
				DDEA337C233B363B007DCC3C /* Main.storyboard in Resources */,
			);
			runOnlyForDeploymentPostprocessing = 0;
		};
/* End PBXResourcesBuildPhase section */

/* Begin PBXSourcesBuildPhase section */
		DDEA3347233B3501007DCC3C /* Sources */ = {
			isa = PBXSourcesBuildPhase;
			buildActionMask = 2147483647;
			files = (
				DDEA343F233B3D6F007DCC3C /* SuccessStatusAlert.swift in Sources */,
				DDEA343D233B3D4E007DCC3C /* RoundedCheckmarkView.swift in Sources */,
			);
			runOnlyForDeploymentPostprocessing = 0;
		};
		DDEA336E233B363B007DCC3C /* Sources */ = {
			isa = PBXSourcesBuildPhase;
			buildActionMask = 2147483647;
			files = (
				DDEA3379233B363B007DCC3C /* ViewController.swift in Sources */,
				DDEA3375233B363B007DCC3C /* AppDelegate.swift in Sources */,
			);
			runOnlyForDeploymentPostprocessing = 0;
		};
/* End PBXSourcesBuildPhase section */

/* Begin PBXTargetDependency section */
		DDC89A53233B554700CCE35B /* PBXTargetDependency */ = {
			isa = PBXTargetDependency;
			target = DDEA334A233B3501007DCC3C /* SuccessStatusAlert */;
			targetProxy = DDC89A52233B554700CCE35B /* PBXContainerItemProxy */;
		};
/* End PBXTargetDependency section */

/* Begin PBXVariantGroup section */
		DDEA337A233B363B007DCC3C /* Main.storyboard */ = {
			isa = PBXVariantGroup;
			children = (
				DDEA337B233B363B007DCC3C /* Base */,
			);
			name = Main.storyboard;
			sourceTree = "<group>";
		};
		DDEA337F233B363C007DCC3C /* LaunchScreen.storyboard */ = {
			isa = PBXVariantGroup;
			children = (
				DDEA3380233B363C007DCC3C /* Base */,
			);
			name = LaunchScreen.storyboard;
			sourceTree = "<group>";
		};
/* End PBXVariantGroup section */

/* Begin XCBuildConfiguration section */
		DDEA3351233B3501007DCC3C /* Debug */ = {
			isa = XCBuildConfiguration;
			buildSettings = {
				ALWAYS_SEARCH_USER_PATHS = NO;
				CLANG_ANALYZER_NONNULL = YES;
				CLANG_ANALYZER_NUMBER_OBJECT_CONVERSION = YES_AGGRESSIVE;
				CLANG_CXX_LANGUAGE_STANDARD = "gnu++14";
				CLANG_CXX_LIBRARY = "libc++";
				CLANG_ENABLE_MODULES = YES;
				CLANG_ENABLE_OBJC_ARC = YES;
				CLANG_ENABLE_OBJC_WEAK = YES;
				CLANG_WARN_BLOCK_CAPTURE_AUTORELEASING = YES;
				CLANG_WARN_BOOL_CONVERSION = YES;
				CLANG_WARN_COMMA = YES;
				CLANG_WARN_CONSTANT_CONVERSION = YES;
				CLANG_WARN_DEPRECATED_OBJC_IMPLEMENTATIONS = YES;
				CLANG_WARN_DIRECT_OBJC_ISA_USAGE = YES_ERROR;
				CLANG_WARN_DOCUMENTATION_COMMENTS = YES;
				CLANG_WARN_EMPTY_BODY = YES;
				CLANG_WARN_ENUM_CONVERSION = YES;
				CLANG_WARN_INFINITE_RECURSION = YES;
				CLANG_WARN_INT_CONVERSION = YES;
				CLANG_WARN_NON_LITERAL_NULL_CONVERSION = YES;
				CLANG_WARN_OBJC_IMPLICIT_RETAIN_SELF = YES;
				CLANG_WARN_OBJC_LITERAL_CONVERSION = YES;
				CLANG_WARN_OBJC_ROOT_CLASS = YES_ERROR;
				CLANG_WARN_RANGE_LOOP_ANALYSIS = YES;
				CLANG_WARN_STRICT_PROTOTYPES = YES;
				CLANG_WARN_SUSPICIOUS_MOVE = YES;
				CLANG_WARN_UNGUARDED_AVAILABILITY = YES_AGGRESSIVE;
				CLANG_WARN_UNREACHABLE_CODE = YES;
				CLANG_WARN__DUPLICATE_METHOD_MATCH = YES;
				COPY_PHASE_STRIP = NO;
				CURRENT_PROJECT_VERSION = 1;
				DEBUG_INFORMATION_FORMAT = dwarf;
				ENABLE_STRICT_OBJC_MSGSEND = YES;
				ENABLE_TESTABILITY = YES;
				GCC_C_LANGUAGE_STANDARD = gnu11;
				GCC_DYNAMIC_NO_PIC = NO;
				GCC_NO_COMMON_BLOCKS = YES;
				GCC_OPTIMIZATION_LEVEL = 0;
				GCC_PREPROCESSOR_DEFINITIONS = (
					"DEBUG=1",
					"$(inherited)",
				);
				GCC_WARN_64_TO_32_BIT_CONVERSION = YES;
				GCC_WARN_ABOUT_RETURN_TYPE = YES_ERROR;
				GCC_WARN_UNDECLARED_SELECTOR = YES;
				GCC_WARN_UNINITIALIZED_AUTOS = YES_AGGRESSIVE;
				GCC_WARN_UNUSED_FUNCTION = YES;
				GCC_WARN_UNUSED_VARIABLE = YES;
				IPHONEOS_DEPLOYMENT_TARGET = 11.0;
				MTL_ENABLE_DEBUG_INFO = INCLUDE_SOURCE;
				MTL_FAST_MATH = YES;
				ONLY_ACTIVE_ARCH = YES;
				SDKROOT = iphoneos;
				SWIFT_ACTIVE_COMPILATION_CONDITIONS = DEBUG;
				SWIFT_OPTIMIZATION_LEVEL = "-Onone";
				VERSIONING_SYSTEM = "apple-generic";
				VERSION_INFO_PREFIX = "";
			};
			name = Debug;
		};
		DDEA3352233B3501007DCC3C /* Release */ = {
			isa = XCBuildConfiguration;
			buildSettings = {
				ALWAYS_SEARCH_USER_PATHS = NO;
				CLANG_ANALYZER_NONNULL = YES;
				CLANG_ANALYZER_NUMBER_OBJECT_CONVERSION = YES_AGGRESSIVE;
				CLANG_CXX_LANGUAGE_STANDARD = "gnu++14";
				CLANG_CXX_LIBRARY = "libc++";
				CLANG_ENABLE_MODULES = YES;
				CLANG_ENABLE_OBJC_ARC = YES;
				CLANG_ENABLE_OBJC_WEAK = YES;
				CLANG_WARN_BLOCK_CAPTURE_AUTORELEASING = YES;
				CLANG_WARN_BOOL_CONVERSION = YES;
				CLANG_WARN_COMMA = YES;
				CLANG_WARN_CONSTANT_CONVERSION = YES;
				CLANG_WARN_DEPRECATED_OBJC_IMPLEMENTATIONS = YES;
				CLANG_WARN_DIRECT_OBJC_ISA_USAGE = YES_ERROR;
				CLANG_WARN_DOCUMENTATION_COMMENTS = YES;
				CLANG_WARN_EMPTY_BODY = YES;
				CLANG_WARN_ENUM_CONVERSION = YES;
				CLANG_WARN_INFINITE_RECURSION = YES;
				CLANG_WARN_INT_CONVERSION = YES;
				CLANG_WARN_NON_LITERAL_NULL_CONVERSION = YES;
				CLANG_WARN_OBJC_IMPLICIT_RETAIN_SELF = YES;
				CLANG_WARN_OBJC_LITERAL_CONVERSION = YES;
				CLANG_WARN_OBJC_ROOT_CLASS = YES_ERROR;
				CLANG_WARN_RANGE_LOOP_ANALYSIS = YES;
				CLANG_WARN_STRICT_PROTOTYPES = YES;
				CLANG_WARN_SUSPICIOUS_MOVE = YES;
				CLANG_WARN_UNGUARDED_AVAILABILITY = YES_AGGRESSIVE;
				CLANG_WARN_UNREACHABLE_CODE = YES;
				CLANG_WARN__DUPLICATE_METHOD_MATCH = YES;
				COPY_PHASE_STRIP = NO;
				CURRENT_PROJECT_VERSION = 1;
				DEBUG_INFORMATION_FORMAT = "dwarf-with-dsym";
				ENABLE_NS_ASSERTIONS = NO;
				ENABLE_STRICT_OBJC_MSGSEND = YES;
				GCC_C_LANGUAGE_STANDARD = gnu11;
				GCC_NO_COMMON_BLOCKS = YES;
				GCC_WARN_64_TO_32_BIT_CONVERSION = YES;
				GCC_WARN_ABOUT_RETURN_TYPE = YES_ERROR;
				GCC_WARN_UNDECLARED_SELECTOR = YES;
				GCC_WARN_UNINITIALIZED_AUTOS = YES_AGGRESSIVE;
				GCC_WARN_UNUSED_FUNCTION = YES;
				GCC_WARN_UNUSED_VARIABLE = YES;
				IPHONEOS_DEPLOYMENT_TARGET = 11.0;
				MTL_ENABLE_DEBUG_INFO = NO;
				MTL_FAST_MATH = YES;
				SDKROOT = iphoneos;
				SWIFT_COMPILATION_MODE = wholemodule;
				SWIFT_OPTIMIZATION_LEVEL = "-O";
				VALIDATE_PRODUCT = YES;
				VERSIONING_SYSTEM = "apple-generic";
				VERSION_INFO_PREFIX = "";
			};
			name = Release;
		};
		DDEA3354233B3501007DCC3C /* Debug */ = {
			isa = XCBuildConfiguration;
			buildSettings = {
				CLANG_ENABLE_MODULES = YES;
				CODE_SIGN_STYLE = Automatic;
				DEFINES_MODULE = YES;
				DEVELOPMENT_TEAM = 29A49ZXHHJ;
				DYLIB_COMPATIBILITY_VERSION = 1;
				DYLIB_CURRENT_VERSION = 1;
				DYLIB_INSTALL_NAME_BASE = "@rpath";
				INFOPLIST_FILE = SuccessStatusAlert/Info.plist;
				INSTALL_PATH = "$(LOCAL_LIBRARY_DIR)/Frameworks";
				IPHONEOS_DEPLOYMENT_TARGET = 11.0;
				LD_RUNPATH_SEARCH_PATHS = (
					"$(inherited)",
					"@executable_path/Frameworks",
					"@loader_path/Frameworks",
				);
				MARKETING_VERSION = 0.0.1;
				PRODUCT_BUNDLE_IDENTIFIER = hvrlk.SuccessStatusAlert;
				PRODUCT_NAME = "$(TARGET_NAME:c99extidentifier)";
				SKIP_INSTALL = YES;
				SUPPORTS_MACCATALYST = NO;
				SWIFT_OPTIMIZATION_LEVEL = "-Onone";
				SWIFT_VERSION = 5.0;
				TARGETED_DEVICE_FAMILY = "1,2";
			};
			name = Debug;
		};
		DDEA3355233B3501007DCC3C /* Release */ = {
			isa = XCBuildConfiguration;
			buildSettings = {
				CLANG_ENABLE_MODULES = YES;
				CODE_SIGN_STYLE = Automatic;
				DEFINES_MODULE = YES;
				DEVELOPMENT_TEAM = 29A49ZXHHJ;
				DYLIB_COMPATIBILITY_VERSION = 1;
				DYLIB_CURRENT_VERSION = 1;
				DYLIB_INSTALL_NAME_BASE = "@rpath";
				INFOPLIST_FILE = SuccessStatusAlert/Info.plist;
				INSTALL_PATH = "$(LOCAL_LIBRARY_DIR)/Frameworks";
				IPHONEOS_DEPLOYMENT_TARGET = 11.0;
				LD_RUNPATH_SEARCH_PATHS = (
					"$(inherited)",
					"@executable_path/Frameworks",
					"@loader_path/Frameworks",
				);
				MARKETING_VERSION = 0.0.1;
				PRODUCT_BUNDLE_IDENTIFIER = hvrlk.SuccessStatusAlert;
				PRODUCT_NAME = "$(TARGET_NAME:c99extidentifier)";
				SKIP_INSTALL = YES;
				SUPPORTS_MACCATALYST = NO;
				SWIFT_VERSION = 5.0;
				TARGETED_DEVICE_FAMILY = "1,2";
			};
			name = Release;
		};
		DDEA3384233B363C007DCC3C /* Debug */ = {
			isa = XCBuildConfiguration;
			buildSettings = {
				ASSETCATALOG_COMPILER_APPICON_NAME = AppIcon;
				CODE_SIGN_STYLE = Automatic;
				DEVELOPMENT_TEAM = 29A49ZXHHJ;
				INFOPLIST_FILE = Examples/Info.plist;
				IPHONEOS_DEPLOYMENT_TARGET = 11.0;
				LD_RUNPATH_SEARCH_PATHS = (
					"$(inherited)",
					"@executable_path/Frameworks",
				);
				MARKETING_VERSION = 1.0;
				PRODUCT_BUNDLE_IDENTIFIER = hvrlk.Examples;
				PRODUCT_NAME = "$(TARGET_NAME)";
				SWIFT_VERSION = 5.0;
				TARGETED_DEVICE_FAMILY = "1,2";
			};
			name = Debug;
		};
		DDEA3385233B363C007DCC3C /* Release */ = {
			isa = XCBuildConfiguration;
			buildSettings = {
				ASSETCATALOG_COMPILER_APPICON_NAME = AppIcon;
				CODE_SIGN_STYLE = Automatic;
				DEVELOPMENT_TEAM = 29A49ZXHHJ;
				INFOPLIST_FILE = Examples/Info.plist;
				IPHONEOS_DEPLOYMENT_TARGET = 11.0;
				LD_RUNPATH_SEARCH_PATHS = (
					"$(inherited)",
					"@executable_path/Frameworks",
				);
				MARKETING_VERSION = 1.0;
				PRODUCT_BUNDLE_IDENTIFIER = hvrlk.Examples;
				PRODUCT_NAME = "$(TARGET_NAME)";
				SWIFT_VERSION = 5.0;
				TARGETED_DEVICE_FAMILY = "1,2";
			};
			name = Release;
		};
/* End XCBuildConfiguration section */

/* Begin XCConfigurationList section */
		DDEA3345233B3501007DCC3C /* Build configuration list for PBXProject "SuccessStatusAlert" */ = {
			isa = XCConfigurationList;
			buildConfigurations = (
				DDEA3351233B3501007DCC3C /* Debug */,
				DDEA3352233B3501007DCC3C /* Release */,
			);
			defaultConfigurationIsVisible = 0;
			defaultConfigurationName = Release;
		};
		DDEA3353233B3501007DCC3C /* Build configuration list for PBXNativeTarget "SuccessStatusAlert" */ = {
			isa = XCConfigurationList;
			buildConfigurations = (
				DDEA3354233B3501007DCC3C /* Debug */,
				DDEA3355233B3501007DCC3C /* Release */,
			);
			defaultConfigurationIsVisible = 0;
			defaultConfigurationName = Release;
		};
		DDEA3383233B363C007DCC3C /* Build configuration list for PBXNativeTarget "Examples" */ = {
			isa = XCConfigurationList;
			buildConfigurations = (
				DDEA3384233B363C007DCC3C /* Debug */,
				DDEA3385233B363C007DCC3C /* Release */,
			);
			defaultConfigurationIsVisible = 0;
			defaultConfigurationName = Release;
		};
/* End XCConfigurationList section */
	};
	rootObject = DDEA3342233B3501007DCC3C /* Project object */;
}
